PATH
  remote: .
  specs:
    sfl-compiler (0.1.0)
      amatch (~> 0.7)
      async (~> 2.21)
      bubbles (~> 0.1)
      bubbletea (~> 0.1)
      circuit_breaker (~> 1.1)
      csv (~> 3.3)
      dotenv (~> 3.1)
      dry-monads (~> 1.6)
      dry-struct (~> 1.6)
      dry-types (~> 1.7)
      dspy (~> 1.0)
      dspy-o11y (~> 1.0)
      dspy-o11y-langfuse (~> 1.1)
      dspy-openai (~> 1.0)
      falcon (~> 0.48)
      glamour (~> 0.2)
      gum
      gush
      informers
      inkmark
      journald-logger (~> 3.1)
      kreuzberg (~> 4.9)
      lipgloss (~> 0.2)
      onnxruntime
      opentelemetry-exporter-otlp (~> 0.34.0)
      opentelemetry-instrumentation-ruby_llm (~> 0.6.0)
      opentelemetry-sdk (~> 1.12)
      pastel (~> 0.8)
      pg (~> 1.5)
      pgvector (~> 0.3)
      pragmatic_segmenter (~> 0.3)
      pragmatic_tokenizer (~> 3.0)
      prime (~> 0.1)
      ruby-spacy (~> 0.4)
      ruby_llm (~> 1.3)
      sequel (~> 5.88)
      sidekiq
      tomoto (~> 0.3)
      tty-progressbar (~> 0.18)
      tty-prompt (~> 0.23)
      yajl-ruby (~> 1.4)
      zeitwerk (~> 2.7)

GEM
  remote: https://rubygems.org/
  specs:
    aasm (5.5.2)
      concurrent-ruby (~> 1.0)
    activejob (8.1.3)
      activesupport (= 8.1.3)
      globalid (>= 0.3.6)
    activesupport (8.1.3)
      base64
      bigdecimal
      concurrent-ruby (~> 1.0, >= 1.3.1)
      connection_pool (>= 2.2.5)
      drb
      i18n (>= 1.6, < 2)
      json
      logger (>= 1.4.2)
      minitest (>= 5.1)
      securerandom (>= 0.3)
      tzinfo (~> 2.0, >= 2.0.5)
      uri (>= 0.13.1)
    addressable (2.9.0)
      public_suffix (>= 2.0.2, < 8.0)
    amatch (0.7.0)
      mize
      tins (~> 1)
    ast (2.4.3)
    async (2.42.0)
      console (~> 1.29)
      fiber-annotation
      io-event (~> 1.11)
      metrics (~> 0.12)
      traces (~> 0.18)
    async-container (0.37.0)
      async (~> 2.22)
    async-http (0.95.1)
      async (>= 2.10.2)
      async-pool (~> 0.11)
      io-endpoint (~> 0.14)
      io-stream (~> 0.6)
      metrics (~> 0.12)
      protocol-http (~> 0.62)
      protocol-http1 (~> 0.39)
      protocol-http2 (~> 0.26)
      protocol-url (~> 0.2)
      traces (~> 0.10)
    async-http-cache (0.4.6)
      async-http (~> 0.56)
    async-pool (0.11.2)
      async (>= 2.0)
    async-service (0.24.1)
      async
      async-container (~> 0.34)
      string-format (~> 0.2)
    async-utilization (0.4.0)
      console (~> 1.0)
    bake (0.25.0)
      bigdecimal
      samovar (~> 2.1)
    base64 (0.3.0)
    bigdecimal (4.1.2)
    bubbles (0.1.1)
      bubbletea
      harmonica
      lipgloss
    bubbletea (0.1.4-x86_64-linux-gnu)
      lipgloss (~> 0.1)
    byebug (13.0.0)
      reline (>= 0.6.0)
    cgi (0.5.2)
    circuit_breaker (1.1.2)
      aasm
    coderay (1.1.3)
    cogger (1.7.0)
      core (~> 2.0)
      logger (~> 1.7)
      refinements (~> 13.5)
      tone (~> 2.0)
      zeitwerk (~> 2.7)
    concurrent-ruby (1.3.7)
    connection_pool (3.0.2)
    console (1.36.0)
      fiber-annotation
      fiber-local (~> 1.1)
      json
    containable (1.5.0)
      concurrent-ruby (~> 1.3)
    core (2.5.0)
    csv (3.3.5)
    diff-lcs (1.6.2)
    docile (1.4.1)
    dotenv (3.2.0)
    drb (2.2.3)
    dry-configurable (1.4.0)
      dry-core (~> 1.0)
      zeitwerk (~> 2.6)
    dry-core (1.2.0)
      concurrent-ruby (~> 1.0)
      logger
      zeitwerk (~> 2.6)
    dry-inflector (1.3.1)
    dry-initializer (3.2.0)
    dry-logger (1.2.2)
      logger
    dry-logic (1.6.0)
      bigdecimal
      concurrent-ruby (~> 1.0)
      dry-core (~> 1.1)
      zeitwerk (~> 2.6)
    dry-monads (1.10.0)
      concurrent-ruby (~> 1.0)
      dry-core (~> 1.1)
      zeitwerk (~> 2.6)
    dry-schema (1.16.0)
      concurrent-ruby (~> 1.0)
      dry-configurable (~> 1.0, >= 1.0.1)
      dry-core (~> 1.1)
      dry-initializer (~> 3.2)
      dry-logic (~> 1.6)
      dry-types (~> 1.9, >= 1.9.1)
      zeitwerk (~> 2.6)
    dry-struct (1.8.1)
      dry-core (~> 1.1)
      dry-types (~> 1.8, >= 1.8.2)
      ice_nine (~> 0.11)
      zeitwerk (~> 2.6)
    dry-types (1.9.1)
      bigdecimal (>= 3.0)
      concurrent-ruby (~> 1.0)
      dry-core (~> 1.0)
      dry-inflector (~> 1.0)
      dry-logic (~> 1.4)
      zeitwerk (~> 2.6)
    dspy (1.0.1)
      async (~> 2.29)
      concurrent-ruby (~> 1.3)
      dry-configurable (~> 1.0)
      dry-logger (~> 1.0)
      dspy-schema (~> 1.0.0)
      sorbet-baml (~> 0.5, >= 0.5.1)
      sorbet-runtime (~> 0.5)
      sorbet-schema (~> 0.3)
      sorbet-toon (~> 0.1)
    dspy-o11y (1.0.3)
      concurrent-ruby (~> 1.3)
      dspy (>= 0.30)
      opentelemetry-sdk (~> 1.8)
    dspy-o11y-langfuse (1.1.0)
      dspy-o11y (>= 0.30)
      opentelemetry-exporter-otlp (~> 0.30)
      opentelemetry-sdk (~> 1.8)
    dspy-openai (1.0.3)
      dspy (>= 0.30.1, < 2.0)
      openai (>= 0.57.0, < 1.0)
    dspy-schema (1.0.2)
      sorbet-runtime (>= 0.5.0)
    etcher (3.5.0)
      cogger (~> 1.0)
      core (~> 2.5)
      dry-monads (~> 1.9)
      dry-types (~> 1.7)
      refinements (~> 13.6)
      versionaire (~> 14.0)
      zeitwerk (~> 2.7)
    event_stream_parser (1.0.0)
    falcon (0.55.5)
      async
      async-container (~> 0.20)
      async-http (~> 0.75)
      async-http-cache (~> 0.4)
      async-service (~> 0.19)
      async-utilization (~> 0.3)
      bundler
      localhost (~> 1.1)
      openssl (>= 3.0)
      protocol-http (~> 0.31)
      protocol-rack (~> 0.7)
      samovar (~> 2.3)
    faraday (2.14.3)
      faraday-net_http (>= 2.0, < 3.5)
      json
      logger
    faraday-multipart (1.2.0)
      multipart-post (~> 2.0)
    faraday-net_http (3.4.4)
      net-http (~> 0.5)
    faraday-retry (2.4.0)
      faraday (~> 2.0)
    ffi (1.17.4-x86_64-linux-gnu)
    fiber-annotation (0.2.0)
    fiber-local (1.1.0)
      fiber-storage
    fiber-storage (1.0.1)
    fiddle (1.1.8)
    forwardable (1.4.0)
    git-lint (9.7.0)
      cogger (~> 1.0)
      containable (~> 1.1)
      core (~> 2.5)
      dry-monads (~> 1.9)
      dry-schema (~> 1.13)
      etcher (~> 3.0)
      gitt (~> 4.1)
      infusible (~> 4.0)
      refinements (~> 13.6)
      runcom (~> 12.0)
      sod (~> 1.5)
      spek (~> 4.0)
      tone (~> 2.0)
      zeitwerk (~> 2.7)
    gitt (4.6.0)
      core (~> 2.5)
      dry-monads (~> 1.9)
      refinements (~> 13.6)
      zeitwerk (~> 2.7)
    glamour (0.2.2-x86_64-linux-gnu)
    globalid (1.4.0)
      activesupport (>= 6.1)
    google-protobuf (4.35.1-x86_64-linux-gnu)
      bigdecimal
      rake (~> 13.3)
    googleapis-common-protos-types (1.23.0)
      google-protobuf (~> 4.26)
    graphviz (1.3.0)
      process-pipeline
    gum (0.3.2-x86_64-linux)
    gush (5.0.0)
      activejob (>= 7.0.0, < 9)
      concurrent-ruby (~> 1.0)
      graphviz (~> 1.2)
      hiredis (~> 0.6)
      launchy (~> 2.4)
      multi_json (~> 1.11)
      paint (~> 2.2)
      redis (>= 3.2, < 6)
      redis-mutex (~> 4.0.1)
      terminal-table (>= 1.4, < 3.1)
      thor (>= 0.19, < 1.5)
    harmonica (0.1.1)
    hiredis (0.6.3)
    i18n (1.15.2)
      concurrent-ruby (~> 1.0)
    ice_nine (0.11.2)
    informers (1.3.0)
      onnxruntime (>= 0.9)
      tokenizers (>= 0.6)
    infusible (4.6.0)
      marameters (~> 4.1)
    inkmark (0.1.4-x86_64-linux)
    io-console (0.8.2)
    io-endpoint (0.17.2)
    io-event (1.19.1)
    io-stream (0.13.1)
    journald-logger (3.1.0)
      journald-native (~> 1.0)
    journald-native (1.0.12)
    json (2.20.0)
    kreuzberg (4.9.9-x86_64-linux)
      sorbet-runtime (~> 0.5)
    language_server-protocol (3.17.0.5)
    launchy (2.5.2)
      addressable (~> 2.8)
    lint_roller (1.1.0)
    lipgloss (0.2.2-x86_64-linux-gnu)
    localhost (1.8.0)
      bake
    logger (1.7.0)
    marameters (4.6.0)
      refinements (~> 13.6)
      zeitwerk (~> 2.7)
    marcel (1.2.1)
    method_source (1.1.0)
    metrics (0.15.0)
    minitest (6.0.6)
      drb (~> 2.0)
      prism (~> 1.5)
    mize (0.6.1)
    multi_json (1.21.1)
    multipart-post (2.4.1)
    net-http (0.9.1)
      uri (>= 0.11.1)
    numpy (0.4.0)
      pycall (>= 1.2.0.beta1)
    onnxruntime (0.11.4-x86_64-linux)
      ffi
    openai (0.68.0)
      base64
      cgi
      connection_pool
    openssl (4.0.2)
    opentelemetry-api (1.10.0)
      logger
    opentelemetry-common (0.25.0)
      opentelemetry-api (~> 1.0)
    opentelemetry-exporter-otlp (0.34.0)
      google-protobuf (>= 3.18)
      googleapis-common-protos-types (~> 1.3)
      opentelemetry-api (~> 1.1)
      opentelemetry-common (~> 0.20)
      opentelemetry-sdk (~> 1.10)
      opentelemetry-semantic_conventions
    opentelemetry-instrumentation-base (0.26.1)
      opentelemetry-api (~> 1.7)
      opentelemetry-common (~> 0.21)
      opentelemetry-registry (~> 0.1)
    opentelemetry-instrumentation-ruby_llm (0.6.0)
      opentelemetry-api (~> 1.0)
      opentelemetry-instrumentation-base (~> 0.23)
    opentelemetry-registry (0.6.0)
      opentelemetry-api (~> 1.1)
    opentelemetry-sdk (1.12.0)
      logger
      opentelemetry-api (~> 1.1)
      opentelemetry-common (~> 0.20)
      opentelemetry-registry (~> 0.2)
      opentelemetry-semantic_conventions
    opentelemetry-semantic_conventions (1.41.0)
      opentelemetry-api (~> 1.0)
    optparse (0.8.1)
    paint (2.3.0)
    parallel (2.1.0)
    parser (3.3.11.1)
      ast (~> 2.4.1)
      racc
    pastel (0.8.0)
      tty-color (~> 0.5)
    pg (1.6.3-x86_64-linux)
    pgvector (0.3.3)
    pragmatic_segmenter (0.3.24)
    pragmatic_tokenizer (3.2.1)
    prime (0.1.4)
      forwardable
      singleton
    prism (1.9.0)
    process-group (1.2.4)
      process-terminal (~> 0.2.0)
    process-pipeline (1.0.2)
      process-group
    process-terminal (0.2.0)
      ffi
    protocol-hpack (1.5.1)
    protocol-http (0.62.2)
    protocol-http1 (0.39.0)
      protocol-http (~> 0.62)
    protocol-http2 (0.26.0)
      protocol-hpack (~> 1.4)
      protocol-http (~> 0.62)
    protocol-rack (0.22.1)
      io-stream (>= 0.10)
      protocol-http (~> 0.58)
      rack (>= 1.0)
    protocol-url (0.4.0)
    pry (0.16.0)
      coderay (~> 1.1)
      method_source (~> 1.0)
      reline (>= 0.6.0)
    pry-byebug (3.12.0)
      byebug (~> 13.0)
      pry (>= 0.13, < 0.17)
    public_suffix (7.0.5)
    pycall (1.5.2)
    racc (1.8.1)
    rack (3.2.6)
    rack-test (2.2.0)
      rack (>= 1.3)
    rainbow (3.1.1)
    rake (13.4.2)
    rbs (4.0.3)
      logger
      prism (>= 1.6.0)
      tsort
    readline (0.0.4)
      reline
    redis (5.4.1)
      redis-client (>= 0.22.0)
    redis-classy (2.4.1)
      redis-namespace (~> 1.0)
    redis-client (0.30.0)
      connection_pool
    redis-mutex (4.0.2)
      redis-classy (~> 2.0)
    redis-namespace (1.11.0)
      redis (>= 4)
    refinements (13.6.0)
    regexp_parser (2.12.0)
    reline (0.6.3)
      io-console (~> 0.5)
    rspec (3.13.2)
      rspec-core (~> 3.13.0)
      rspec-expectations (~> 3.13.0)
      rspec-mocks (~> 3.13.0)
    rspec-core (3.13.6)
      rspec-support (~> 3.13.0)
    rspec-expectations (3.13.5)
      diff-lcs (>= 1.2.0, < 2.0)
      rspec-support (~> 3.13.0)
    rspec-mocks (3.13.8)
      diff-lcs (>= 1.2.0, < 2.0)
      rspec-support (~> 3.13.0)
    rspec-support (3.13.7)
    rubocop (1.88.1)
      json (~> 2.3)
      language_server-protocol (~> 3.17.0.2)
      lint_roller (~> 1.1.0)
      parallel (>= 1.10)
      parser (>= 3.3.0.2)
      rainbow (>= 2.2.2, < 4.0)
      regexp_parser (>= 2.9.3, < 3.0)
      rubocop-ast (>= 1.49.0, < 2.0)
      ruby-progressbar (~> 1.7)
      unicode-display_width (>= 2.4.0, < 4.0)
    rubocop-ast (1.49.1)
      parser (>= 3.3.7.2)
      prism (~> 1.7)
    rubocop-factory_bot (2.28.0)
      lint_roller (~> 1.1)
      rubocop (~> 1.72, >= 1.72.1)
    rubocop-minitest (0.39.1)
      lint_roller (~> 1.1)
      rubocop (>= 1.75.0, < 2.0)
      rubocop-ast (>= 1.38.0, < 2.0)
    rubocop-packaging (0.6.0)
      lint_roller (~> 1.1.0)
      rubocop (>= 1.72.1, < 2.0)
    rubocop-performance (1.26.1)
      lint_roller (~> 1.1)
      rubocop (>= 1.75.0, < 2.0)
      rubocop-ast (>= 1.47.1, < 2.0)
    rubocop-rake (0.7.1)
      lint_roller (~> 1.1)
      rubocop (>= 1.72.1)
    rubocop-rspec (3.10.2)
      lint_roller (~> 1.1)
      regexp_parser (>= 2.0)
      rubocop (~> 1.86, >= 1.86.2)
    rubocop-sequel (0.4.1)
      lint_roller (~> 1.1)
      rubocop (>= 1.72.1, < 2)
    rubocop-shopify (2.18.0)
      rubocop (~> 1.62)
    rubocop-thread_safety (0.7.3)
      lint_roller (~> 1.1)
      rubocop (~> 1.72, >= 1.72.1)
      rubocop-ast (>= 1.44.0, < 2.0)
    ruby-lsp (0.26.9)
      language_server-protocol (~> 3.17.0)
      prism (>= 1.2, < 2.0)
      rbs (>= 3, < 5)
    ruby-progressbar (1.13.0)
    ruby-spacy (0.4.0)
      base64
      fiddle
      numpy (~> 0.4.0)
      pycall (~> 1.5.1)
      terminal-table (~> 3.0.1)
    ruby_llm (1.16.0)
      base64
      event_stream_parser (~> 1)
      faraday (>= 1.10.0)
      faraday-multipart (>= 1)
      faraday-net_http (>= 1)
      faraday-retry (>= 1)
      marcel (~> 1)
      ruby_llm-schema (~> 0)
      zeitwerk (~> 2)
    ruby_llm-schema (0.4.0)
    runcom (12.5.0)
      refinements (~> 13.6)
      xdg (~> 9.5)
      zeitwerk (~> 2.7)
    samovar (2.5.1)
      console (~> 1.0)
    securerandom (0.4.1)
    sequel (5.106.0)
      bigdecimal
    sidekiq (8.1.6)
      connection_pool (>= 3.0.0)
      json (>= 2.16.0)
      logger (>= 1.7.0)
      rack (>= 3.2.0)
      redis-client (>= 0.29.0)
    simplecov (0.22.0)
      docile (~> 1.1)
      simplecov-html (~> 0.11)
      simplecov_json_formatter (~> 0.1)
    simplecov-html (0.13.2)
    simplecov_json_formatter (0.1.4)
    singleton (0.3.0)
    sod (1.5.0)
      cogger (~> 1.0)
      containable (~> 1.1)
      infusible (~> 4.0)
      optparse (~> 0.8)
      refinements (~> 13.6)
      tone (~> 2.0)
      zeitwerk (~> 2.7)
    sorbet-baml (0.5.1)
      sorbet-runtime (~> 0.5)
    sorbet-result (1.4.0)
      sorbet-runtime (~> 0.5)
    sorbet-runtime (0.6.13322)
    sorbet-schema (0.9.3)
      sorbet-result (~> 1.1)
      sorbet-runtime (~> 0.5)
      sorbet-struct-comparable (~> 1.3)
      zeitwerk (~> 2.6)
    sorbet-struct-comparable (1.3.0)
      sorbet-runtime (>= 0.5)
    sorbet-toon (0.1.0)
      sorbet-runtime (~> 0.5)
    spek (4.6.0)
      core (~> 2.5)
      dry-monads (~> 1.9)
      refinements (~> 13.6)
      versionaire (~> 14.0)
      zeitwerk (~> 2.7)
    string-format (0.2.0)
    strings-ansi (0.2.0)
    sync (0.5.0)
    terminal-table (3.0.2)
      unicode-display_width (>= 1.1.1, < 3)
    thor (1.4.0)
    tins (1.54.0)
      bigdecimal
      mize (~> 0.6)
      readline
      sync
    tokenizers (0.7.0-x86_64-linux)
    tomoto (0.6.2-x86_64-linux)
    tone (2.6.0)
      refinements (~> 13.6)
      zeitwerk (~> 2.7)
    traces (0.18.2)
    tsort (0.2.0)
    tty-color (0.6.0)
    tty-cursor (0.7.1)
    tty-progressbar (0.18.3)
      strings-ansi (~> 0.2)
      tty-cursor (~> 0.7)
      tty-screen (~> 0.8)
      unicode-display_width (>= 1.6, < 3.0)
    tty-prompt (0.23.1)
      pastel (~> 0.8)
      tty-reader (~> 0.8)
    tty-reader (0.9.0)
      tty-cursor (~> 0.7)
      tty-screen (~> 0.8)
      wisper (~> 2.0)
    tty-screen (0.8.2)
    tzinfo (2.0.6)
      concurrent-ruby (~> 1.0)
    unicode-display_width (2.6.0)
    uri (1.1.1)
    versionaire (14.5.0)
      refinements (~> 13.6)
    wisper (2.0.1)
    xdg (9.5.0)
    yajl-ruby (1.4.3)
    zeitwerk (2.8.2)

PLATFORMS
  x86_64-linux

DEPENDENCIES
  git-lint
  pry
  pry-byebug
  rack-test
  rake
  rspec
  rubocop
  rubocop-factory_bot
  rubocop-minitest
  rubocop-packaging
  rubocop-performance
  rubocop-rake
  rubocop-rspec
  rubocop-sequel
  rubocop-shopify
  rubocop-thread_safety
  ruby-lsp
  sfl-compiler!
  simplecov

CHECKSUMS
  aasm (5.5.2) sha256=a3b874b33d9cbb3be4a2c77185c340a07fb46d7cd31911cbc49337e31d12612f
  activejob (8.1.3) sha256=a149b1766aa8204c3c3da7309e4becd40fcd5529c348cffbf6c9b16b565fe8d3
  activesupport (8.1.3) sha256=21a5e0dfbd4c3ddd9e1317ec6a4d782fa226e7867dc70b0743acda81a1dca20e
  addressable (2.9.0) sha256=7fdf6ac3660f7f4e867a0838be3f6cf722ace541dd97767fa42bc6cfa980c7af
  amatch (0.7.0) sha256=d503a09a3b73f96b3ecb14347dcb149830555771a23a9b24e1c4d9f39de03e2b
  ast (2.4.3) sha256=954615157c1d6a382bc27d690d973195e79db7f55e9765ac7c481c60bdb4d383
  async (2.42.0) sha256=536078293b8c95d5b5679fa01bf7d2458bcc65cd46dec2c4cb3580feaeb965c6
  async-container (0.37.0) sha256=16bd50a6d3ba818d917160a96a965a2cde0fd0e9959715741cbeeba90d68d315
  async-http (0.95.1) sha256=0c3dd458c204c06d5c4b20b01bbec4794a1203db627fb2ce536e1799ec14786c
  async-http-cache (0.4.6) sha256=2038d1f093182f16b50b4db271c25085e3938da10bfcfc2904cadb0530fddfd6
  async-pool (0.11.2) sha256=0a43a17b02b04d9c451b7d12fafa9a50e55dc6dd00d4369aca00433f16a7e3ed
  async-service (0.24.1) sha256=3ee313fa2d6c1427ffac68f42f272889c496fa1088cf1432b1e7a5f5bff56b06
  async-utilization (0.4.0) sha256=4da53cb1733a12c9cf70ff22bd37d29c10fa9162a03ddb10f34e12acd171fe32
  bake (0.25.0) sha256=a47bdc6a26addc048827debc36fe27bb4d5d71ac2958ad910b5386e9baf49869
  base64 (0.3.0) sha256=27337aeabad6ffae05c265c450490628ef3ebd4b67be58257393227588f5a97b
  bigdecimal (4.1.2) sha256=53d217666027eab4280346fba98e7d5b66baaae1b9c3c1c0ffe89d48188a3fbd
  bubbles (0.1.1) sha256=ac16a9adef1cd4d51d7246ea6cda1a745a56321cc21a49e150e7446d62797d05
  bubbletea (0.1.4-x86_64-linux-gnu) sha256=c1a06df5828c3af8ed664bf08591eba4bcb16aa44c58f8d21f7e2a01c2dea885
  byebug (13.0.0) sha256=d2263efe751941ca520fa29744b71972d39cbc41839496706f5d9b22e92ae05d
  cgi (0.5.2) sha256=61ca30298171190fd4fa0d8018e57ada456eae9b7a2b78526debf7f0a0e6f8bb
  circuit_breaker (1.1.2) sha256=5b500ac1f186c64c717ead1a44f89973cf30da5b3799d6f779a9220a967c6783
  coderay (1.1.3) sha256=dc530018a4684512f8f38143cd2a096c9f02a1fc2459edcfe534787a7fc77d4b
  cogger (1.7.0) sha256=cd29f8b3527fcfc896936bff1a1fa93bc2811ea68c587661bc3d1662ba606ebc
  concurrent-ruby (1.3.7) sha256=4412caec3a5ea2e5fdc52076724c071a81f2c0593d83b2ac8cbb8ca63b3151b0
  connection_pool (3.0.2) sha256=33fff5ba71a12d2aa26cb72b1db8bba2a1a01823559fb01d29eb74c286e62e0a
  console (1.36.0) sha256=45599ea906cf80a73d8941f03abf873fe66a6a954e0bac5bc1c01e2cdc406f07
  containable (1.5.0) sha256=cd7a308f636c2f479d65105cb7ceffc7a5a426ecb23a97a66a5f84e6d683229e
  core (2.5.0) sha256=2dfe2084bcd708b3a1fe7f672196b0da99f10081dee33aff5348fd46be7dc6ce
  csv (3.3.5) sha256=6e5134ac3383ef728b7f02725d9872934f523cb40b961479f69cf3afa6c8e73f
  diff-lcs (1.6.2) sha256=9ae0d2cba7d4df3075fe8cd8602a8604993efc0dfa934cff568969efb1909962
  docile (1.4.1) sha256=96159be799bfa73cdb721b840e9802126e4e03dfc26863db73647204c727f21e
  dotenv (3.2.0) sha256=e375b83121ea7ca4ce20f214740076129ab8514cd81378161f11c03853fe619d
  drb (2.2.3) sha256=0b00d6fdb50995fe4a45dea13663493c841112e4068656854646f418fda13373
  dry-configurable (1.4.0) sha256=e35d1b5f3c081753ef361f564919db79000f32cfa6f20ee3a3ba5921b41b73ce
  dry-core (1.2.0) sha256=0cc5a7da88df397f153947eeeae42e876e999c1e30900f3c536fb173854e96a1
  dry-inflector (1.3.1) sha256=7fb0c2bb04f67638f25c52e7ba39ab435d922a3a5c3cd196120f63accb682dcc
  dry-initializer (3.2.0) sha256=37d59798f912dc0a1efe14a4db4a9306989007b302dcd5f25d0a2a20c166c4e3
  dry-logger (1.2.2) sha256=eaf91bbc131135b2148d779fb22b8aff4a1b1ad616c721dab6d113beaa5e41c7
  dry-logic (1.6.0) sha256=da6fedbc0f90fc41f9b0cc7e6f05f5d529d1efaef6c8dcc8e0733f685745cea2
  dry-monads (1.10.0) sha256=68c90d77617c6ce88d60704fc3b233907e6320974152fe75ad947f968006ca39
  dry-schema (1.16.0) sha256=cd3aaeabc0f1af66ec82a29096d4c4fb92a0a58b9dae29a22b1bbceb78985727
  dry-struct (1.8.1) sha256=033868594c45241540172bf1ebbc8bb76b72b4f0717072325deba38ac13e80f1
  dry-types (1.9.1) sha256=baebeecdb9f8395d6c9d227b62011279440943e3ef2468fe8ccc1ba11467f178
  dspy (1.0.1) sha256=390f53db588d0872c8337da99c782bbc539b12efe04c0eb07eaf9e87ed667d69
  dspy-o11y (1.0.3) sha256=58bf447f1e9b7043c211ceef69f058488a3719c63acfbe15e4b1c9f5b4889cb4
  dspy-o11y-langfuse (1.1.0) sha256=e644c146d49c2f4f9c23575c99e3c8d43698179af2d63c12b7a3850d6060642b
  dspy-openai (1.0.3) sha256=441a76edb6e9d0d15ef196f1c778a16c362a44351dc1814b14569bb810d8ad45
  dspy-schema (1.0.2) sha256=d06918855b828c61868435534255468354c13f0eaf56d77b2b2696bd6dab2b0e
  etcher (3.5.0) sha256=20359b9092470809b65d12a50e756effae7f82cac98d312dd7097ec93f33d5c5
  event_stream_parser (1.0.0) sha256=a2683bab70126286f8184dc88f7968ffc4028f813161fb073ec90d171f7de3c8
  falcon (0.55.5) sha256=8622db11361b6678578dd7e06b953aaef10e5006929ced618069bb62b0ff118d
  faraday (2.14.3) sha256=1882247e6766615c8220b4392bf1d27f6ebb63d8e28267587cef1fb0bf37f278
  faraday-multipart (1.2.0) sha256=7d89a949693714176f612323ca13746a2ded204031a6ba528adee788694ef757
  faraday-net_http (3.4.4) sha256=0e78af151747ed1b00f33e25973b4bc220d7f16c00c39676817c8b12331eb588
  faraday-retry (2.4.0) sha256=7b79c48fb7e56526faf247b12d94a680071ff40c9fda7cf1ec1549439ad11ebe
  ffi (1.17.4-x86_64-linux-gnu) sha256=9d3db14c2eae074b382fa9c083fe95aec6e0a1451da249eab096c34002bc752d
  fiber-annotation (0.2.0) sha256=7abfadf1d119f508867d4103bf231c0354d019cc39a5738945dec2edadaf6c03
  fiber-local (1.1.0) sha256=c885f94f210fb9b05737de65d511136ea602e00c5105953748aa0f8793489f06
  fiber-storage (1.0.1) sha256=f48e5b6d8b0be96dac486332b55cee82240057065dc761c1ea692b2e719240e1
  fiddle (1.1.8) sha256=7fa8ee3627271497f3add5503acdbc3f40b32f610fc1cf49634f083ef3f32eee
  forwardable (1.4.0) sha256=f1cd40cc9812937980e1c76f1aa053660990a7c9b6a98fc37d945468afcce838
  git-lint (9.7.0) sha256=9074262104618f45a14f5fece20d7f5e6918c7a3b2b2ee0447630184ec07653e
  gitt (4.6.0) sha256=bb7c5f152f51b487b362aa2e6ea28952e05f5d903339bc3e890c9f2b0b353fa6
  glamour (0.2.2-x86_64-linux-gnu) sha256=7324383dded88ce0a6d557cdac03b62008d03c6201de9df52dbb94a460f19adf
  globalid (1.4.0) sha256=037f12fbf1d9d7a014d501c2d5c77356fd4ddd96d7a7991d6700bba96706f427
  google-protobuf (4.35.1-x86_64-linux-gnu) sha256=c786439087512a3fbd199e9897d265b855f951d4027e218ea55e858d45969edd
  googleapis-common-protos-types (1.23.0) sha256=992e740a523794d9fc5f29a504465d8fc737aaa16c930fe7228e3346860faf0a
  graphviz (1.3.0) sha256=c8a572a2e67ea3e2e681dac7b7c0b871a9a33bf8f7c63b302f7f300029aca0ed
  gum (0.3.2-x86_64-linux) sha256=67904bdf4b5e46473d127d8b5210eaf4b693f5651f98c75f3f286fe43a915d0e
  gush (5.0.0) sha256=b0d0a80dfabab281c5fe6b2225924df82114fcaf37e749493baccee7c5a7bf6c
  harmonica (0.1.1) sha256=587da9bc55ffb6387c0ffb9243bb3b03d57d1ebaf29a17282d3912a3443f397a
  hiredis (0.6.3) sha256=7f052e320f7d24b5c2a9fdf67c6ff6facdf6e256394a703511bce34ecf445212
  i18n (1.15.2) sha256=00f9eb62412fe593b2a65a97daa75300d37abb8f7202ec748e94b6d46a9dd1b5
  ice_nine (0.11.2) sha256=5d506a7d2723d5592dc121b9928e4931742730131f22a1a37649df1c1e2e63db
  informers (1.3.0) sha256=7d8ea9f6c32ecd4519ccbf8b2d89e9ecfa7c7916700020926c21926d6506de83
  infusible (4.6.0) sha256=db7399aadf47ce0e355c395339fadf0c53def246787ee70adb6a5a5ee4cdf878
  inkmark (0.1.4-x86_64-linux) sha256=2b84fbf7e49094c8526f18b0170364fa10962718728e3b40005da18623dd7ea4
  io-console (0.8.2) sha256=d6e3ae7a7cc7574f4b8893b4fca2162e57a825b223a177b7afa236c5ef9814cc
  io-endpoint (0.17.2) sha256=3feaf766c116b35839c11fac68b6aaadc47887bb488902a57bf8e1d288fb3338
  io-event (1.19.1) sha256=851aa9a318889cbfdaa9a982b5cd266750f893748752a17f52f880d93ceb6ee6
  io-stream (0.13.1) sha256=570d7c4dfb0fbd767480b4a222048a2be6d9b78febc1ec68258d0e0a4cde20de
  journald-logger (3.1.0) sha256=6af69d285a75147ccc0911957897de1aae7f1f2f2929b07fa7624563b4232ec8
  journald-native (1.0.12) sha256=f38cd397623e4efad4afe83e48ec0e5cc13634329d5e056ea440bd72a1e6726f
  json (2.20.0) sha256=9362bc6e55a952b056abf9167cf053358181c904cb70cd6eee0808ea830fc32b
  kreuzberg (4.9.9-x86_64-linux) sha256=7cfb15257ded1fffe9a4b2ba204c8f5551b0c7ce5ae98b88e0f7687362f8c0bb
  language_server-protocol (3.17.0.5) sha256=fd1e39a51a28bf3eec959379985a72e296e9f9acfce46f6a79d31ca8760803cc
  launchy (2.5.2) sha256=8aa0441655aec5514008e1d04892c2de3ba57bd337afb984568da091121a241b
  lint_roller (1.1.0) sha256=2c0c845b632a7d172cb849cc90c1bce937a28c5c8ccccb50dfd46a485003cc87
  lipgloss (0.2.2-x86_64-linux-gnu) sha256=99b26dfc4eaa2bf2dfd9823f0894a06ef0b8f7f773db70ae8905d1c5d9d663ad
  localhost (1.8.0) sha256=df7ea825b4f64949c588c17efac86bc47ddc4460d723778abe933b71759b2701
  logger (1.7.0) sha256=196edec7cc44b66cfb40f9755ce11b392f21f7967696af15d274dde7edff0203
  marameters (4.6.0) sha256=a8ec3bbd11342e70fedc75a402cd782070457d157747942c7682c02bff9ae589
  marcel (1.2.1) sha256=1678e9360e32f9eafa917c80029e2f6d10b2715c66a4b87b6d0da9b9cd1f859f
  method_source (1.1.0) sha256=181301c9c45b731b4769bc81e8860e72f9161ad7d66dd99103c9ab84f560f5c5
  metrics (0.15.0) sha256=61ded5bac95118e995b1bc9ed4a5f19bc9814928a312a85b200abbdac9039072
  minitest (6.0.6) sha256=153ea36d1d987a62942382b61075745042a2b3123b1cd48f4c3675af9cc7d6f1
  mize (0.6.1) sha256=4031558979ff5426fda24c75a149b4e4c0faf4cacf2fae8938f83866ab94b780
  multi_json (1.21.1) sha256=e6126a31808e3b4d19f483c775ceac34df190dffa62adfb63a165ee14ba68080
  multipart-post (2.4.1) sha256=9872d03a8e552020ca096adadbf5e3cb1cd1cdd6acd3c161136b8a5737cdb4a8
  net-http (0.9.1) sha256=25ba0b67c63e89df626ed8fac771d0ad24ad151a858af2cc8e6a716ca4336996
  numpy (0.4.0) sha256=323ee49aec21a4776145c7cd7e384d434c204b63efb360321b79777ae495b7c3
  onnxruntime (0.11.4-x86_64-linux) sha256=1d63236a6a2dc5c596db45864b4d8f394033786a9566ba0a122c2ef8910d3006
  openai (0.68.0) sha256=fbb542babd5291b77c286154f015226a2e3bb74495cfc0694044cbefa42e63b3
  openssl (4.0.2) sha256=1037ad2868ae58df9ad917891c0c0f9815a1172f6846d4bcdd508e4c2ee747c2
  opentelemetry-api (1.10.0) sha256=99ee7c829b18381c31a817ee9bf6a160d737542d99cb8da55d443336d266bfa9
  opentelemetry-common (0.25.0) sha256=73915362e58d337fc92acbe1abfdaee1f725442527125fdb2af1420417f1149d
  opentelemetry-exporter-otlp (0.34.0) sha256=3b3cdf4329ba30f4389d849c7f13b8f9f983ecb4a030031c03997dffae1e2a60
  opentelemetry-instrumentation-base (0.26.1) sha256=49e8d35d565e1a13b4a6b794a4cca4ed8c590d9b33bda5244249bd98c8673775
  opentelemetry-instrumentation-ruby_llm (0.6.0) sha256=15af2169ed0a15d7644c3d5f2eafb5ebe4e3a259391ff4befa4bde613fd6a118
  opentelemetry-registry (0.6.0) sha256=5d3ed32ab9eee0fbdb30d4f0d0bb61ad11a4040b267b475ae815b80a8498a728
  opentelemetry-sdk (1.12.0) sha256=a224abe0c59023d41cb7ac1c634d9d28843907efcd045ed1ae320796c48b864b
  opentelemetry-semantic_conventions (1.41.0) sha256=3be5e4c141f9c5e9db17ab491ac76826519296ea80994bf7b9ada95c668cc010
  optparse (0.8.1) sha256=42bea10d53907ccff4f080a69991441d611fbf8733b60ed1ce9ee365ce03bd1a
  paint (2.3.0) sha256=327d623e4038619d5bd99ae5db07973859cd78400c7f0329eea283cef8e83be5
  parallel (2.1.0) sha256=b35258865c2e31134c5ecb708beaaf6772adf9d5efae28e93e99260877b09356
  parser (3.3.11.1) sha256=d17ace7aabe3e72c3cc94043714be27cc6f852f104d81aa284c2281aecc65d54
  pastel (0.8.0) sha256=481da9fb7d2f6e6b1a08faf11fa10363172dc40fd47848f096ae21209f805a75
  pg (1.6.3-x86_64-linux) sha256=5d9e188c8f7a0295d162b7b88a768d8452a899977d44f3274d1946d67920ae8d
  pgvector (0.3.3) sha256=9cad4b69487110b2dc26d57e6ba9ff2cbe72421c09e6d17397bb29e1551d1872
  pragmatic_segmenter (0.3.24) sha256=3c3709953efc06cd6a81c26bf7eeb083ace6f116932799b77f83b17aef4534c9
  pragmatic_tokenizer (3.2.1) sha256=92bc6609506d486893fb78e1be874ada6c6eb4db7e6dc3968afbaff9968d9cbe
  prime (0.1.4) sha256=4d755ebf7c2994a6f3a3fee0d072063be3fff2d4042ebff6cd5eebd4747a225e
  prism (1.9.0) sha256=7b530c6a9f92c24300014919c9dcbc055bf4cdf51ec30aed099b06cd6674ef85
  process-group (1.2.4) sha256=269801e7f96cd0f90336583714c0ad0b1b480c277c7385cf0847fcf1200a83bb
  process-pipeline (1.0.2) sha256=ca220364e1574ea6eadfb630c9818a0969a8c4c31d208f864460b2eb606fe0f0
  process-terminal (0.2.0) sha256=60ecb64257b9eecb6a21af8b49ed3397fb22ab1be9259d03835ec25c1d61c86d
  protocol-hpack (1.5.1) sha256=6feca238b8078da1cd295677d6f306c6001af92d75fe0643d33e6956cbc3ad91
  protocol-http (0.62.2) sha256=e1c1f2f56029c1af8c4e2b8a67d0d096c76620f3afd8d99d1dcd2f6b8ffa773b
  protocol-http1 (0.39.0) sha256=e49b3f4cda6f5d94c76a323d2b7f6977cba3ebd082d2da437039594da77ad8eb
  protocol-http2 (0.26.0) sha256=bac89cd78082b241ccd0cf7246f5160e4bb0c9c975fb4bf7deef5f88cc317486
  protocol-rack (0.22.1) sha256=1185d245927ef9849a603700d6991ca353bc89724fbf98efa4a4333ed62a9fc3
  protocol-url (0.4.0) sha256=64d4c03b6b51ad815ac6fdaf77a1d91e5baf9220d26becb846c5459dacdea9e1
  pry (0.16.0) sha256=d76c69065698ed1f85e717bd33d7942c38a50868f6b0673c636192b3d1b6054e
  pry-byebug (3.12.0) sha256=594e094ae8a8390a7ad4c7b36ae36e13304ed02664c67417d108dc5f7213d1b7
  public_suffix (7.0.5) sha256=1a8bb08f1bbea19228d3bed6e5ed908d1cb4f7c2726d18bd9cadf60bc676f623
  pycall (1.5.2) sha256=759ece7b08007a20cf610fcfeb91b86cb77864f37ac343cc4fe25f14cca65ff3
  racc (1.8.1) sha256=4a7f6929691dbec8b5209a0b373bc2614882b55fc5d2e447a21aaa691303d62f
  rack (3.2.6) sha256=5ed78e1f73b2e25679bec7d45ee2d4483cc4146eb1be0264fc4d94cb5ef212c2
  rack-test (2.2.0) sha256=005a36692c306ac0b4a9350355ee080fd09ddef1148a5f8b2ac636c720f5c463
  rainbow (3.1.1) sha256=039491aa3a89f42efa1d6dec2fc4e62ede96eb6acd95e52f1ad581182b79bc6a
  rake (13.4.2) sha256=cb825b2bd5f1f8e91ca37bddb4b9aaf345551b4731da62949be002fa89283701
  rbs (4.0.3) sha256=5a7bf70e2628549d9a1f44eae447b2cfe55968a9c60cfff52693a4bdcc020e14
  readline (0.0.4) sha256=6138eef17be2b98298b672c3ea63bf9cb5158d401324f26e1e84f235879c1d6a
  redis (5.4.1) sha256=b5e675b57ad22b15c9bcc765d5ac26f60b675408af916d31527af9bd5a81faae
  redis-classy (2.4.1) sha256=39b02cfd10144f44b6a3c0e10f2dea560fc5c61b902fdf336706f1a7afaa01b4
  redis-client (0.30.0) sha256=743f11ed42f0a41a0341554087b077479fec7e2d47a7c123fd90a12c0db5e477
  redis-mutex (4.0.2) sha256=28b3de1472edf1b24938b392ef5ad1e23261371169001ce7598a75075a555245
  redis-namespace (1.11.0) sha256=e91a1aa2b2d888b6dea1d4ab8d39e1ae6fac3426161feb9d91dd5cca598a2239
  refinements (13.6.0) sha256=3d53c7348be785af707a89ae3a39e2dc31937e6d457787a54be54498c3aae0f6
  regexp_parser (2.12.0) sha256=35a916a1d63190ab5c9009457136ae5f3c0c7512d60291d0d1378ba18ce08ebb
  reline (0.6.3) sha256=1198b04973565b36ec0f11542ab3f5cfeeec34823f4e54cebde90968092b1835
  rspec (3.13.2) sha256=206284a08ad798e61f86d7ca3e376718d52c0bc944626b2349266f239f820587
  rspec-core (3.13.6) sha256=a8823c6411667b60a8bca135364351dda34cd55e44ff94c4be4633b37d828b2d
  rspec-expectations (3.13.5) sha256=33a4d3a1d95060aea4c94e9f237030a8f9eae5615e9bd85718fe3a09e4b58836
  rspec-mocks (3.13.8) sha256=086ad3d3d17533f4237643de0b5c42f04b66348c28bf6b9c2d3f4a3b01af1d47
  rspec-support (3.13.7) sha256=0640e5570872aafefd79867901deeeeb40b0c9875a36b983d85f54fb7381c47c
  rubocop (1.88.1) sha256=726af773d6bc169ed3ff852f3ca020b7c58d39c34e7a8d879a8e0147cc994f26
  rubocop-ast (1.49.1) sha256=4412f3ee70f6fe4546cc489548e0f6fcf76cafcfa80fa03af67098ffed755035
  rubocop-factory_bot (2.28.0) sha256=4b17fc02124444173317e131759d195b0d762844a71a29fe8139c1105d92f0cb
  rubocop-minitest (0.39.1) sha256=998398d6da4026d297f0f9bf709a1eac5f2b6947c24431f94af08138510cf7ed
  rubocop-packaging (0.6.0) sha256=fb92bd0fb48e6f8cdb1648d2249b0cd51c2497dcc87340132d22f01edbf558a7
  rubocop-performance (1.26.1) sha256=cd19b936ff196df85829d264b522fd4f98b6c89ad271fa52744a8c11b8f71834
  rubocop-rake (0.7.1) sha256=3797f2b6810c3e9df7376c26d5f44f3475eda59eb1adc38e6f62ecf027cbae4d
  rubocop-rspec (3.10.2) sha256=0b3e2ecc592cd10ecbf0095bb58d1e357905276e069643523cc19eb7495f65e2
  rubocop-sequel (0.4.1) sha256=f325dc470c1e3191a616b41a4bf8cfbb2c3c2f4fbc2eee6286de019ca1f7c113
  rubocop-shopify (2.18.0) sha256=dafa25e5617ce4600ff86b1de3d5b78e43ab3d58cc5729df38e492b8e10294eb
  rubocop-thread_safety (0.7.3) sha256=067cdd52fbf5deffc18995437e45b5194236eaff4f71de3375a1f6052e48f431
  ruby-lsp (0.26.9) sha256=33a01c001c00a76b4e821efc04ed7572983430f31ca5d6f3e343d0b6ccab4129
  ruby-progressbar (1.13.0) sha256=80fc9c47a9b640d6834e0dc7b3c94c9df37f08cb072b7761e4a71e22cff29b33
  ruby-spacy (0.4.0) sha256=87604fe60566325329982112e201d0ba5dac7f2f68e3d5516e838b3ead778f5d
  ruby_llm (1.16.0) sha256=26bd5310cf2ce55f74a60f8aae0b0d0327b586ff4532c84828103c3b2b905a18
  ruby_llm-schema (0.4.0) sha256=e930f5a5316f9301bff3fb7fe572e44727d05bb8e50621001bbb49a47d63b8da
  runcom (12.5.0) sha256=6e54ce19685639f862249aeef2e4f5cd0431008fe94e1ed0f6b53d2d1aa3125f
  samovar (2.5.1) sha256=8a9fc41eb8868084f0321eb41678c485cfbc7d282fb306c0be67c3284b1d2394
  securerandom (0.4.1) sha256=cc5193d414a4341b6e225f0cb4446aceca8e50d5e1888743fac16987638ea0b1
  sequel (5.106.0) sha256=0e6677f230e724ecbc9b4d5fc95ef9a69997cfb24c60fff84268185e0bb254cd
  sfl-compiler (0.1.0)
  sidekiq (8.1.6) sha256=be20cd051124b1a16cf97ea9157137abbd30a515c16a5ae9312d2eadd045e40f
  simplecov (0.22.0) sha256=fe2622c7834ff23b98066bb0a854284b2729a569ac659f82621fc22ef36213a5
  simplecov-html (0.13.2) sha256=bd0b8e54e7c2d7685927e8d6286466359b6f16b18cb0df47b508e8d73c777246
  simplecov_json_formatter (0.1.4) sha256=529418fbe8de1713ac2b2d612aa3daa56d316975d307244399fa4838c601b428
  singleton (0.3.0) sha256=83ea1bca5f4aa34d00305ab842a7862ea5a8a11c73d362cb52379d94e9615778
  sod (1.5.0) sha256=92e2b804012b6a307b6e089c441cd5816a590b9ca00be0a991d566335fd319c7
  sorbet-baml (0.5.1) sha256=065091d055e28f80efeb0701f78fadb6edc476f3b940b0d0d1ab46fbb451b023
  sorbet-result (1.4.0) sha256=194eededbcb78cf04ee2db8bd3b19e76f305dc043062ed90c56b4b9eac268ccd
  sorbet-runtime (0.6.13322) sha256=e69fe47bd2d1cf2620379c7c62a975504604ce1f8344083410f4f6dfeb8b691b
  sorbet-schema (0.9.3) sha256=ef87356e82c9dff6671e11372a0515f736504e81b2d9753e01c3b79d2530a84b
  sorbet-struct-comparable (1.3.0) sha256=337aff31c4eda80554485f9a30201067bf54fcd76bd992494a0d8c32fb04036b
  sorbet-toon (0.1.0) sha256=727fe35487932a101b37943f95fe7323a8314df3203b7634a66ae521c64f8e00
  spek (4.6.0) sha256=8c77ecb780937c3111a0c3bb8b7cb07cef9cb00afd89c801eb162c3e7ef5e6cb
  string-format (0.2.0) sha256=bc981c14116b061f12134549f32fa2d61a17b5a35dd6fd36596c21722a789af6
  strings-ansi (0.2.0) sha256=90262d760ea4a94cc2ae8d58205277a343409c288cbe7c29416b1826bd511c88
  sync (0.5.0) sha256=668356cc07c59ac7ed9ecf34fec3929831f179c07adb1f3e1c3b7a1609a638fd
  terminal-table (3.0.2) sha256=f951b6af5f3e00203fb290a669e0a85c5dd5b051b3b023392ccfd67ba5abae91
  thor (1.4.0) sha256=8763e822ccb0f1d7bee88cde131b19a65606657b847cc7b7b4b82e772bcd8a3d
  tins (1.54.0) sha256=62e14ff2f8ace5eb52828f7262987a434f8411de3aac2aa27ef4680446557af9
  tokenizers (0.7.0-x86_64-linux) sha256=a795e5026ccf6f6340195789c48ff8c9c26462c75feb3b2971e26aef3118d842
  tomoto (0.6.2-x86_64-linux) sha256=9e6d6930a0dcd3f2ecbb09e4475fb54027c109d70c05e81596af2b9b0dd914d2
  tone (2.6.0) sha256=b788ac6e863b4484d3319adcfcfec8304d9837f708fe3997c0b09158adde8011
  traces (0.18.2) sha256=80f1649cb4daace1d7174b81f3b3b7427af0b93047759ba349960cb8f315e214
  tsort (0.2.0) sha256=9650a793f6859a43b6641671278f79cfead60ac714148aabe4e3f0060480089f
  tty-color (0.6.0) sha256=6f9c37ca3a4e2367fb2e6d09722762647d6f455c111f05b59f35730eeb24332a
  tty-cursor (0.7.1) sha256=79534185e6a777888d88628b14b6a1fdf5154a603f285f80b1753e1908e0bf48
  tty-progressbar (0.18.3) sha256=6cbb4260e55e74a9180d502143eb6a467d2c8e51bf5f3c9509fb5cacc3d4a5f6
  tty-prompt (0.23.1) sha256=fcdbce905238993f27eecfdf67597a636bc839d92192f6a0eef22b8166449ec8
  tty-reader (0.9.0) sha256=c62972c985c0b1566f0e56743b6a7882f979d3dc32ff491ed490a076f899c2b1
  tty-screen (0.8.2) sha256=c090652115beae764336c28802d633f204fb84da93c6a968aa5d8e319e819b50
  tzinfo (2.0.6) sha256=8daf828cc77bcf7d63b0e3bdb6caa47e2272dcfaf4fbfe46f8c3a9df087a829b
  unicode-display_width (2.6.0) sha256=12279874bba6d5e4d2728cef814b19197dbb10d7a7837a869bab65da943b7f5a
  uri (1.1.1) sha256=379fa58d27ffb1387eaada68c749d1426738bd0f654d812fcc07e7568f5c57c6
  versionaire (14.5.0) sha256=f4a55d85fe858508fbf379fcddb764d00136ef0aa8a82464e2b431dc612ebd76
  wisper (2.0.1) sha256=ce17bc5c3a166f241a2e6613848b025c8146fce2defba505920c1d1f3f88fae6
  xdg (9.5.0) sha256=e47886d0aef0273d0ba018452cc0499f44e1c4cbf424eb03be493d576878b35d
  yajl-ruby (1.4.3) sha256=8c974d9c11ae07b0a3b6d26efea8407269b02e4138118fbe3ef0d2ec9724d1d2
  zeitwerk (2.8.2) sha256=7212a61311083c604184b1ea2574b9aa05cd14f855a0841c06985cabe9181d12

BUNDLED WITH
   2.6.9
